Microsoft Visual Studio Solution File, Format Version 12.00
# Visual Studio Version 16
VisualStudioVersion = 16.0.28917.181
MinimumVisualStudioVersion = 10.0.40219.1
Project("{8BC9CEB8-8B4A-11D0-8D11-00A0C91BC942}") = "CurlHook", "CurlHook\CurlHook.vcxproj", "{AB9E97EE-64E6-45B8-9592-3BD53179FD3E}"
EndProject
Global
	GlobalSection(SolutionConfigurationPlatforms) = preSolution
		Debug|Win32 = Debug|Win32
		Debug|x64 = Debug|x64
		Debug|x86 = Debug|x86
		DLL Debug - DLL OpenSSL - DLL LibSSH2|Win32 = DLL Debug - DLL OpenSSL - DLL LibSSH2|Win32
		DLL Debug - DLL OpenSSL - DLL LibSSH2|x64 = DLL Debug - DLL OpenSSL - DLL LibSSH2|x64
		DLL Debug - DLL OpenSSL - DLL LibSSH2|x86 = DLL Debug - DLL OpenSSL - DLL LibSSH2|x86
		DLL Debug - DLL OpenSSL|Win32 = DLL Debug - DLL OpenSSL|Win32
		DLL Debug - DLL OpenSSL|x64 = DLL Debug - DLL OpenSSL|x64
		DLL Debug - DLL OpenSSL|x86 = DLL Debug - DLL OpenSSL|x86
		DLL Debug - DLL Windows SSPI - DLL WinIDN|Win32 = DLL Debug - DLL Windows SSPI - DLL WinIDN|Win32
		DLL Debug - DLL Windows SSPI - DLL WinIDN|x64 = DLL Debug - DLL Windows SSPI - DLL WinIDN|x64
		DLL Debug - DLL Windows SSPI - DLL WinIDN|x86 = DLL Debug - DLL Windows SSPI - DLL WinIDN|x86
		DLL Debug - DLL Windows SSPI|Win32 = DLL Debug - DLL Windows SSPI|Win32
		DLL Debug - DLL Windows SSPI|x64 = DLL Debug - DLL Windows SSPI|x64
		DLL Debug - DLL Windows SSPI|x86 = DLL Debug - DLL Windows SSPI|x86
		DLL Debug - DLL wolfSSL|Win32 = DLL Debug - DLL wolfSSL|Win32
		DLL Debug - DLL wolfSSL|x64 = DLL Debug - DLL wolfSSL|x64
		DLL Debug - DLL wolfSSL|x86 = DLL Debug - DLL wolfSSL|x86
		DLL Debug|Win32 = DLL Debug|Win32
		DLL Debug|x64 = DLL Debug|x64
		DLL Debug|x86 = DLL Debug|x86
		DLL Release - DLL OpenSSL - DLL LibSSH2|Win32 = DLL Release - DLL OpenSSL - DLL LibSSH2|Win32
		DLL Release - DLL OpenSSL - DLL LibSSH2|x64 = DLL Release - DLL OpenSSL - DLL LibSSH2|x64
		DLL Release - DLL OpenSSL - DLL LibSSH2|x86 = DLL Release - DLL OpenSSL - DLL LibSSH2|x86
		DLL Release - DLL OpenSSL|Win32 = DLL Release - DLL OpenSSL|Win32
		DLL Release - DLL OpenSSL|x64 = DLL Release - DLL OpenSSL|x64
		DLL Release - DLL OpenSSL|x86 = DLL Release - DLL OpenSSL|x86
		DLL Release - DLL Windows SSPI - DLL WinIDN|Win32 = DLL Release - DLL Windows SSPI - DLL WinIDN|Win32
		DLL Release - DLL Windows SSPI - DLL WinIDN|x64 = DLL Release - DLL Windows SSPI - DLL WinIDN|x64
		DLL Release - DLL Windows SSPI - DLL WinIDN|x86 = DLL Release - DLL Windows SSPI - DLL WinIDN|x86
		DLL Release - DLL Windows SSPI|Win32 = DLL Release - DLL Windows SSPI|Win32
		DLL Release - DLL Windows SSPI|x64 = DLL Release - DLL Windows SSPI|x64
		DLL Release - DLL Windows SSPI|x86 = DLL Release - DLL Windows SSPI|x86
		DLL Release - DLL wolfSSL|Win32 = DLL Release - DLL wolfSSL|Win32
		DLL Release - DLL wolfSSL|x64 = DLL Release - DLL wolfSSL|x64
		DLL Release - DLL wolfSSL|x86 = DLL Release - DLL wolfSSL|x86
		DLL Release|Win32 = DLL Release|Win32
		DLL Release|x64 = DLL Release|x64
		DLL Release|x86 = DLL Release|x86
		LIB Debug - DLL OpenSSL - DLL LibSSH2|Win32 = LIB Debug - DLL OpenSSL - DLL LibSSH2|Win32
		LIB Debug - DLL OpenSSL - DLL LibSSH2|x64 = LIB Debug - DLL OpenSSL - DLL LibSSH2|x64
		LIB Debug - DLL OpenSSL - DLL LibSSH2|x86 = LIB Debug - DLL OpenSSL - DLL LibSSH2|x86
		LIB Debug - DLL OpenSSL|Win32 = LIB Debug - DLL OpenSSL|Win32
		LIB Debug - DLL OpenSSL|x64 = LIB Debug - DLL OpenSSL|x64
		LIB Debug - DLL OpenSSL|x86 = LIB Debug - DLL OpenSSL|x86
		LIB Debug - DLL Windows SSPI - DLL WinIDN|Win32 = LIB Debug - DLL Windows SSPI - DLL WinIDN|Win32
		LIB Debug - DLL Windows SSPI - DLL WinIDN|x64 = LIB Debug - DLL Windows SSPI - DLL WinIDN|x64
		LIB Debug - DLL Windows SSPI - DLL WinIDN|x86 = LIB Debug - DLL Windows SSPI - DLL WinIDN|x86
		LIB Debug - DLL Windows SSPI|Win32 = LIB Debug - DLL Windows SSPI|Win32
		LIB Debug - DLL Windows SSPI|x64 = LIB Debug - DLL Windows SSPI|x64
		LIB Debug - DLL Windows SSPI|x86 = LIB Debug - DLL Windows SSPI|x86
		LIB Debug - LIB OpenSSL - LIB LibSSH2|Win32 = LIB Debug - LIB OpenSSL - LIB LibSSH2|Win32
		LIB Debug - LIB OpenSSL - LIB LibSSH2|x64 = LIB Debug - LIB OpenSSL - LIB LibSSH2|x64
		LIB Debug - LIB OpenSSL - LIB LibSSH2|x86 = LIB Debug - LIB OpenSSL - LIB LibSSH2|x86
		LIB Debug - LIB OpenSSL|Win32 = LIB Debug - LIB OpenSSL|Win32
		LIB Debug - LIB OpenSSL|x64 = LIB Debug - LIB OpenSSL|x64
		LIB Debug - LIB OpenSSL|x86 = LIB Debug - LIB OpenSSL|x86
		LIB Debug - LIB wolfSSL|Win32 = LIB Debug - LIB wolfSSL|Win32
		LIB Debug - LIB wolfSSL|x64 = LIB Debug - LIB wolfSSL|x64
		LIB Debug - LIB wolfSSL|x86 = LIB Debug - LIB wolfSSL|x86
		LIB Debug|Win32 = LIB Debug|Win32
		LIB Debug|x64 = LIB Debug|x64
		LIB Debug|x86 = LIB Debug|x86
		LIB Release - DLL OpenSSL - DLL LibSSH2|Win32 = LIB Release - DLL OpenSSL - DLL LibSSH2|Win32
		LIB Release - DLL OpenSSL - DLL LibSSH2|x64 = LIB Release - DLL OpenSSL - DLL LibSSH2|x64
		LIB Release - DLL OpenSSL - DLL LibSSH2|x86 = LIB Release - DLL OpenSSL - DLL LibSSH2|x86
		LIB Release - DLL OpenSSL|Win32 = LIB Release - DLL OpenSSL|Win32
		LIB Release - DLL OpenSSL|x64 = LIB Release - DLL OpenSSL|x64
		LIB Release - DLL OpenSSL|x86 = LIB Release - DLL OpenSSL|x86
		LIB Release - DLL Windows SSPI - DLL WinIDN|Win32 = LIB Release - DLL Windows SSPI - DLL WinIDN|Win32
		LIB Release - DLL Windows SSPI - DLL WinIDN|x64 = LIB Release - DLL Windows SSPI - DLL WinIDN|x64
		LIB Release - DLL Windows SSPI - DLL WinIDN|x86 = LIB Release - DLL Windows SSPI - DLL WinIDN|x86
		LIB Release - DLL Windows SSPI|Win32 = LIB Release - DLL Windows SSPI|Win32
		LIB Release - DLL Windows SSPI|x64 = LIB Release - DLL Windows SSPI|x64
		LIB Release - DLL Windows SSPI|x86 = LIB Release - DLL Windows SSPI|x86
		LIB Release - LIB OpenSSL - LIB LibSSH2|Win32 = LIB Release - LIB OpenSSL - LIB LibSSH2|Win32
		LIB Release - LIB OpenSSL - LIB LibSSH2|x64 = LIB Release - LIB OpenSSL - LIB LibSSH2|x64
		LIB Release - LIB OpenSSL - LIB LibSSH2|x86 = LIB Release - LIB OpenSSL - LIB LibSSH2|x86
		LIB Release - LIB OpenSSL|Win32 = LIB Release - LIB OpenSSL|Win32
		LIB Release - LIB OpenSSL|x64 = LIB Release - LIB OpenSSL|x64
		LIB Release - LIB OpenSSL|x86 = LIB Release - LIB OpenSSL|x86
		LIB Release - LIB wolfSSL|Win32 = LIB Release - LIB wolfSSL|Win32
		LIB Release - LIB wolfSSL|x64 = LIB Release - LIB wolfSSL|x64
		LIB Release - LIB wolfSSL|x86 = LIB Release - LIB wolfSSL|x86
		LIB Release|Win32 = LIB Release|Win32
		LIB Release|x64 = LIB Release|x64
		LIB Release|x86 = LIB Release|x86
		Release|Win32 = Release|Win32
		Release|x64 = Release|x64
		Release|x86 = Release|x86
	EndGlobalSection
	GlobalSection(ProjectConfigurationPlatforms) = postSolution
		{AB9E97EE-64E6-45B8-9592-3BD53179FD3E}.Debug|Win32.ActiveCfg = Debug|Win32
		{AB9E97EE-64E6-45B8-9592-3BD53179FD3E}.Debug|Win32.Build.0 = Debug|Win32
		{AB9E97EE-64E6-45B8-9592-3BD53179FD3E}.Debug|x64.ActiveCfg = Debug|x64
		{AB9E97EE-64E6-45B8-9592-3BD53179FD3E}.Debug|x64.Build.0 = Debug|x64
		{AB9E97EE-64E6-45B8-9592-3BD53179FD3E}.Debug|x86.ActiveCfg = Debug|Win32
		{AB9E97EE-64E6-45B8-9592-3BD53179FD3E}.Debug|x86.Build.0 = Debug|Win32
		{AB9E97EE-64E6-45B8-9592-3BD53179FD3E}.DLL Debug - DLL OpenSSL - DLL LibSSH2|Win32.ActiveCfg = Debug|Win32
		{AB9E97EE-64E6-45B8-9592-3BD53179FD3E}.DLL Debug - DLL OpenSSL - DLL LibSSH2|Win32.Build.0 = Debug|Win32
		{AB9E97EE-64E6-45B8-9592-3BD53179FD3E}.DLL Debug - DLL OpenSSL - DLL LibSSH2|x64.ActiveCfg = Debug|x64
		{AB9E97EE-64E6-45B8-9592-3BD53179FD3E}.DLL Debug - DLL OpenSSL - DLL LibSSH2|x64.Build.0 = Debug|x64
		{AB9E97EE-64E6-45B8-9592-3BD53179FD3E}.DLL Debug - DLL OpenSSL - DLL LibSSH2|x86.ActiveCfg = Debug|Win32
		{AB9E97EE-64E6-45B8-9592-3BD53179FD3E}.DLL Debug - DLL OpenSSL - DLL LibSSH2|x86.Build.0 = Debug|Win32
		{AB9E97EE-64E6-45B8-9592-3BD53179FD3E}.DLL Debug - DLL OpenSSL|Win32.ActiveCfg = Debug|Win32
		{AB9E97EE-64E6-45B8-9592-3BD53179FD3E}.DLL Debug - DLL OpenSSL|Win32.Build.0 = Debug|Win32
		{AB9E97EE-64E6-45B8-9592-3BD53179FD3E}.DLL Debug - DLL OpenSSL|x64.ActiveCfg = Debug|x64
		{AB9E97EE-64E6-45B8-9592-3BD53179FD3E}.DLL Debug - DLL OpenSSL|x64.Build.0 = Debug|x64
		{AB9E97EE-64E6-45B8-9592-3BD53179FD3E}.DLL Debug - DLL OpenSSL|x86.ActiveCfg = Debug|Win32
		{AB9E97EE-64E6-45B8-9592-3BD53179FD3E}.DLL Debug - DLL OpenSSL|x86.Build.0 = Debug|Win32
		{AB9E97EE-64E6-45B8-9592-3BD53179FD3E}.DLL Debug - DLL Windows SSPI - DLL WinIDN|Win32.ActiveCfg = Debug|Win32
		{AB9E97EE-64E6-45B8-9592-3BD53179FD3E}.DLL Debug - DLL Windows SSPI - DLL WinIDN|Win32.Build.0 = Debug|Win32
		{AB9E97EE-64E6-45B8-9592-3BD53179FD3E}.DLL Debug - DLL Windows SSPI - DLL WinIDN|x64.ActiveCfg = Debug|x64
		{AB9E97EE-64E6-45B8-9592-3BD53179FD3E}.DLL Debug - DLL Windows SSPI - DLL WinIDN|x64.Build.0 = Debug|x64
		{AB9E97EE-64E6-45B8-9592-3BD53179FD3E}.DLL Debug - DLL Windows SSPI - DLL WinIDN|x86.ActiveCfg = Debug|Win32
		{AB9E97EE-64E6-45B8-9592-3BD53179FD3E}.DLL Debug - DLL Windows SSPI - DLL WinIDN|x86.Build.0 = Debug|Win32
		{AB9E97EE-64E6-45B8-9592-3BD53179FD3E}.DLL Debug - DLL Windows SSPI|Win32.ActiveCfg = Debug|Win32
		{AB9E97EE-64E6-45B8-9592-3BD53179FD3E}.DLL Debug - DLL Windows SSPI|Win32.Build.0 = Debug|Win32
		{AB9E97EE-64E6-45B8-9592-3BD53179FD3E}.DLL Debug - DLL Windows SSPI|x64.ActiveCfg = Debug|x64
		{AB9E97EE-64E6-45B8-9592-3BD53179FD3E}.DLL Debug - DLL Windows SSPI|x64.Build.0 = Debug|x64
		{AB9E97EE-64E6-45B8-9592-3BD53179FD3E}.DLL Debug - DLL Windows SSPI|x86.ActiveCfg = Debug|Win32
		{AB9E97EE-64E6-45B8-9592-3BD53179FD3E}.DLL Debug - DLL Windows SSPI|x86.Build.0 = Debug|Win32
		{AB9E97EE-64E6-45B8-9592-3BD53179FD3E}.DLL Debug - DLL wolfSSL|Win32.ActiveCfg = Debug|Win32
		{AB9E97EE-64E6-45B8-9592-3BD53179FD3E}.DLL Debug - DLL wolfSSL|Win32.Build.0 = Debug|Win32
		{AB9E97EE-64E6-45B8-9592-3BD53179FD3E}.DLL Debug - DLL wolfSSL|x64.ActiveCfg = Debug|x64
		{AB9E97EE-64E6-45B8-9592-3BD53179FD3E}.DLL Debug - DLL wolfSSL|x64.Build.0 = Debug|x64
		{AB9E97EE-64E6-45B8-9592-3BD53179FD3E}.DLL Debug - DLL wolfSSL|x86.ActiveCfg = Debug|Win32
		{AB9E97EE-64E6-45B8-9592-3BD53179FD3E}.DLL Debug - DLL wolfSSL|x86.Build.0 = Debug|Win32
		{AB9E97EE-64E6-45B8-9592-3BD53179FD3E}.DLL Debug|Win32.ActiveCfg = Debug|Win32
		{AB9E97EE-64E6-45B8-9592-3BD53179FD3E}.DLL Debug|Win32.Build.0 = Debug|Win32
		{AB9E97EE-64E6-45B8-9592-3BD53179FD3E}.DLL Debug|x64.ActiveCfg = Debug|x64
		{AB9E97EE-64E6-45B8-9592-3BD53179FD3E}.DLL Debug|x64.Build.0 = Debug|x64
		{AB9E97EE-64E6-45B8-9592-3BD53179FD3E}.DLL Debug|x86.ActiveCfg = Debug|Win32
		{AB9E97EE-64E6-45B8-9592-3BD53179FD3E}.DLL Debug|x86.Build.0 = Debug|Win32
		{AB9E97EE-64E6-45B8-9592-3BD53179FD3E}.DLL Release - DLL OpenSSL - DLL LibSSH2|Win32.ActiveCfg = Release|Win32
		{AB9E97EE-64E6-45B8-9592-3BD53179FD3E}.DLL Release - DLL OpenSSL - DLL LibSSH2|Win32.Build.0 = Release|Win32
		{AB9E97EE-64E6-45B8-9592-3BD53179FD3E}.DLL Release - DLL OpenSSL - DLL LibSSH2|x64.ActiveCfg = Release|x64
		{AB9E97EE-64E6-45B8-9592-3BD53179FD3E}.DLL Release - DLL OpenSSL - DLL LibSSH2|x64.Build.0 = Release|x64
		{AB9E97EE-64E6-45B8-9592-3BD53179FD3E}.DLL Release - DLL OpenSSL - DLL LibSSH2|x86.ActiveCfg = Release|Win32
		{AB9E97EE-64E6-45B8-9592-3BD53179FD3E}.DLL Release - DLL OpenSSL - DLL LibSSH2|x86.Build.0 = Release|Win32
		{AB9E97EE-64E6-45B8-9592-3BD53179FD3E}.DLL Release - DLL OpenSSL|Win32.ActiveCfg = Release|Win32
		{AB9E97EE-64E6-45B8-9592-3BD53179FD3E}.DLL Release - DLL OpenSSL|Win32.Build.0 = Release|Win32
		{AB9E97EE-64E6-45B8-9592-3BD53179FD3E}.DLL Release - DLL OpenSSL|x64.ActiveCfg = Release|x64
		{AB9E97EE-64E6-45B8-9592-3BD53179FD3E}.DLL Release - DLL OpenSSL|x64.Build.0 = Release|x64
		{AB9E97EE-64E6-45B8-9592-3BD53179FD3E}.DLL Release - DLL OpenSSL|x86.ActiveCfg = Release|Win32
		{AB9E97EE-64E6-45B8-9592-3BD53179FD3E}.DLL Release - DLL OpenSSL|x86.Build.0 = Release|Win32
		{AB9E97EE-64E6-45B8-9592-3BD53179FD3E}.DLL Release - DLL Windows SSPI - DLL WinIDN|Win32.ActiveCfg = Release|Win32
		{AB9E97EE-64E6-45B8-9592-3BD53179FD3E}.DLL Release - DLL Windows SSPI - DLL WinIDN|Win32.Build.0 = Release|Win32
		{AB9E97EE-64E6-45B8-9592-3BD53179FD3E}.DLL Release - DLL Windows SSPI - DLL WinIDN|x64.ActiveCfg = Release|x64
		{AB9E97EE-64E6-45B8-9592-3BD53179FD3E}.DLL Release - DLL Windows SSPI - DLL WinIDN|x64.Build.0 = Release|x64
		{AB9E97EE-64E6-45B8-9592-3BD53179FD3E}.DLL Release - DLL Windows SSPI - DLL WinIDN|x86.ActiveCfg = Release|Win32
		{AB9E97EE-64E6-45B8-9592-3BD53179FD3E}.DLL Release - DLL Windows SSPI - DLL WinIDN|x86.Build.0 = Release|Win32
		{AB9E97EE-64E6-45B8-9592-3BD53179FD3E}.DLL Release - DLL Windows SSPI|Win32.ActiveCfg = Release|Win32
		{AB9E97EE-64E6-45B8-9592-3BD53179FD3E}.DLL Release - DLL Windows SSPI|Win32.Build.0 = Release|Win32
		{AB9E97EE-64E6-45B8-9592-3BD53179FD3E}.DLL Release - DLL Windows SSPI|x64.ActiveCfg = Release|x64
		{AB9E97EE-64E6-45B8-9592-3BD53179FD3E}.DLL Release - DLL Windows SSPI|x64.Build.0 = Release|x64
		{AB9E97EE-64E6-45B8-9592-3BD53179FD3E}.DLL Release - DLL Windows SSPI|x86.ActiveCfg = Release|Win32
		{AB9E97EE-64E6-45B8-9592-3BD53179FD3E}.DLL Release - DLL Windows SSPI|x86.Build.0 = Release|Win32
		{AB9E97EE-64E6-45B8-9592-3BD53179FD3E}.DLL Release - DLL wolfSSL|Win32.ActiveCfg = Release|Win32
		{AB9E97EE-64E6-45B8-9592-3BD53179FD3E}.DLL Release - DLL wolfSSL|Win32.Build.0 = Release|Win32
		{AB9E97EE-64E6-45B8-9592-3BD53179FD3E}.DLL Release - DLL wolfSSL|x64.ActiveCfg = Release|x64
		{AB9E97EE-64E6-45B8-9592-3BD53179FD3E}.DLL Release - DLL wolfSSL|x64.Build.0 = Release|x64
		{AB9E97EE-64E6-45B8-9592-3BD53179FD3E}.DLL Release - DLL wolfSSL|x86.ActiveCfg = Release|Win32
		{AB9E97EE-64E6-45B8-9592-3BD53179FD3E}.DLL Release - DLL wolfSSL|x86.Build.0 = Release|Win32
		{AB9E97EE-64E6-45B8-9592-3BD53179FD3E}.DLL Release|Win32.ActiveCfg = Release|Win32
		{AB9E97EE-64E6-45B8-9592-3BD53179FD3E}.DLL Release|Win32.Build.0 = Release|Win32
		{AB9E97EE-64E6-45B8-9592-3BD53179FD3E}.DLL Release|x64.ActiveCfg = Release|x64
		{AB9E97EE-64E6-45B8-9592-3BD53179FD3E}.DLL Release|x64.Build.0 = Release|x64
		{AB9E97EE-64E6-45B8-9592-3BD53179FD3E}.DLL Release|x86.ActiveCfg = Release|Win32
		{AB9E97EE-64E6-45B8-9592-3BD53179FD3E}.DLL Release|x86.Build.0 = Release|Win32
		{AB9E97EE-64E6-45B8-9592-3BD53179FD3E}.LIB Debug - DLL OpenSSL - DLL LibSSH2|Win32.ActiveCfg = Debug|Win32
		{AB9E97EE-64E6-45B8-9592-3BD53179FD3E}.LIB Debug - DLL OpenSSL - DLL LibSSH2|Win32.Build.0 = Debug|Win32
		{AB9E97EE-64E6-45B8-9592-3BD53179FD3E}.LIB Debug - DLL OpenSSL - DLL LibSSH2|x64.ActiveCfg = Debug|x64
		{AB9E97EE-64E6-45B8-9592-3BD53179FD3E}.LIB Debug - DLL OpenSSL - DLL LibSSH2|x64.Build.0 = Debug|x64
		{AB9E97EE-64E6-45B8-9592-3BD53179FD3E}.LIB Debug - DLL OpenSSL - DLL LibSSH2|x86.ActiveCfg = Debug|Win32
		{AB9E97EE-64E6-45B8-9592-3BD53179FD3E}.LIB Debug - DLL OpenSSL - DLL LibSSH2|x86.Build.0 = Debug|Win32
		{AB9E97EE-64E6-45B8-9592-3BD53179FD3E}.LIB Debug - DLL OpenSSL|Win32.ActiveCfg = Debug|Win32
		{AB9E97EE-64E6-45B8-9592-3BD53179FD3E}.LIB Debug - DLL OpenSSL|Win32.Build.0 = Debug|Win32
		{AB9E97EE-64E6-45B8-9592-3BD53179FD3E}.LIB Debug - DLL OpenSSL|x64.ActiveCfg = Debug|x64
		{AB9E97EE-64E6-45B8-9592-3BD53179FD3E}.LIB Debug - DLL OpenSSL|x64.Build.0 = Debug|x64
		{AB9E97EE-64E6-45B8-9592-3BD53179FD3E}.LIB Debug - DLL OpenSSL|x86.ActiveCfg = Debug|Win32
		{AB9E97EE-64E6-45B8-9592-3BD53179FD3E}.LIB Debug - DLL OpenSSL|x86.Build.0 = Debug|Win32
		{AB9E97EE-64E6-45B8-9592-3BD53179FD3E}.LIB Debug - DLL Windows SSPI - DLL WinIDN|Win32.ActiveCfg = Debug|Win32
		{AB9E97EE-64E6-45B8-9592-3BD53179FD3E}.LIB Debug - DLL Windows SSPI - DLL WinIDN|Win32.Build.0 = Debug|Win32
		{AB9E97EE-64E6-45B8-9592-3BD53179FD3E}.LIB Debug - DLL Windows SSPI - DLL WinIDN|x64.ActiveCfg = Debug|x64
		{AB9E97EE-64E6-45B8-9592-3BD53179FD3E}.LIB Debug - DLL Windows SSPI - DLL WinIDN|x64.Build.0 = Debug|x64
		{AB9E97EE-64E6-45B8-9592-3BD53179FD3E}.LIB Debug - DLL Windows SSPI - DLL WinIDN|x86.ActiveCfg = Debug|Win32
		{AB9E97EE-64E6-45B8-9592-3BD53179FD3E}.LIB Debug - DLL Windows SSPI - DLL WinIDN|x86.Build.0 = Debug|Win32
		{AB9E97EE-64E6-45B8-9592-3BD53179FD3E}.LIB Debug - DLL Windows SSPI|Win32.ActiveCfg = Debug|Win32
		{AB9E97EE-64E6-45B8-9592-3BD53179FD3E}.LIB Debug - DLL Windows SSPI|Win32.Build.0 = Debug|Win32
		{AB9E97EE-64E6-45B8-9592-3BD53179FD3E}.LIB Debug - DLL Windows SSPI|x64.ActiveCfg = Debug|x64
		{AB9E97EE-64E6-45B8-9592-3BD53179FD3E}.LIB Debug - DLL Windows SSPI|x64.Build.0 = Debug|x64
		{AB9E97EE-64E6-45B8-9592-3BD53179FD3E}.LIB Debug - DLL Windows SSPI|x86.ActiveCfg = Debug|Win32
		{AB9E97EE-64E6-45B8-9592-3BD53179FD3E}.LIB Debug - DLL Windows SSPI|x86.Build.0 = Debug|Win32
		{AB9E97EE-64E6-45B8-9592-3BD53179FD3E}.LIB Debug - LIB OpenSSL - LIB LibSSH2|Win32.ActiveCfg = Debug|Win32
		{AB9E97EE-64E6-45B8-9592-3BD53179FD3E}.LIB Debug - LIB OpenSSL - LIB LibSSH2|Win32.Build.0 = Debug|Win32
		{AB9E97EE-64E6-45B8-9592-3BD53179FD3E}.LIB Debug - LIB OpenSSL - LIB LibSSH2|x64.ActiveCfg = Debug|x64
		{AB9E97EE-64E6-45B8-9592-3BD53179FD3E}.LIB Debug - LIB OpenSSL - LIB LibSSH2|x64.Build.0 = Debug|x64
		{AB9E97EE-64E6-45B8-9592-3BD53179FD3E}.LIB Debug - LIB OpenSSL - LIB LibSSH2|x86.ActiveCfg = Debug|Win32
		{AB9E97EE-64E6-45B8-9592-3BD53179FD3E}.LIB Debug - LIB OpenSSL - LIB LibSSH2|x86.Build.0 = Debug|Win32
		{AB9E97EE-64E6-45B8-9592-3BD53179FD3E}.LIB Debug - LIB OpenSSL|Win32.ActiveCfg = Debug|Win32
		{AB9E97EE-64E6-45B8-9592-3BD53179FD3E}.LIB Debug - LIB OpenSSL|Win32.Build.0 = Debug|Win32
		{AB9E97EE-64E6-45B8-9592-3BD53179FD3E}.LIB Debug - LIB OpenSSL|x64.ActiveCfg = Debug|x64
		{AB9E97EE-64E6-45B8-9592-3BD53179FD3E}.LIB Debug - LIB OpenSSL|x64.Build.0 = Debug|x64
		{AB9E97EE-64E6-45B8-9592-3BD53179FD3E}.LIB Debug - LIB OpenSSL|x86.ActiveCfg = Debug|Win32
		{AB9E97EE-64E6-45B8-9592-3BD53179FD3E}.LIB Debug - LIB OpenSSL|x86.Build.0 = Debug|Win32
		{AB9E97EE-64E6-45B8-9592-3BD53179FD3E}.LIB Debug - LIB wolfSSL|Win32.ActiveCfg = Debug|Win32
		{AB9E97EE-64E6-45B8-9592-3BD53179FD3E}.LIB Debug - LIB wolfSSL|Win32.Build.0 = Debug|Win32
		{AB9E97EE-64E6-45B8-9592-3BD53179FD3E}.LIB Debug - LIB wolfSSL|x64.ActiveCfg = Debug|x64
		{AB9E97EE-64E6-45B8-9592-3BD53179FD3E}.LIB Debug - LIB wolfSSL|x64.Build.0 = Debug|x64
		{AB9E97EE-64E6-45B8-9592-3BD53179FD3E}.LIB Debug - LIB wolfSSL|x86.ActiveCfg = Debug|Win32
		{AB9E97EE-64E6-45B8-9592-3BD53179FD3E}.LIB Debug - LIB wolfSSL|x86.Build.0 = Debug|Win32
		{AB9E97EE-64E6-45B8-9592-3BD53179FD3E}.LIB Debug|Win32.ActiveCfg = Debug|Win32
		{AB9E97EE-64E6-45B8-9592-3BD53179FD3E}.LIB Debug|Win32.Build.0 = Debug|Win32
		{AB9E97EE-64E6-45B8-9592-3BD53179FD3E}.LIB Debug|x64.ActiveCfg = Debug|x64
		{AB9E97EE-64E6-45B8-9592-3BD53179FD3E}.LIB Debug|x64.Build.0 = Debug|x64
		{AB9E97EE-64E6-45B8-9592-3BD53179FD3E}.LIB Debug|x86.ActiveCfg = Debug|Win32
		{AB9E97EE-64E6-45B8-9592-3BD53179FD3E}.LIB Debug|x86.Build.0 = Debug|Win32
		{AB9E97EE-64E6-45B8-9592-3BD53179FD3E}.LIB Release - DLL OpenSSL - DLL LibSSH2|Win32.ActiveCfg = Release|Win32
		{AB9E97EE-64E6-45B8-9592-3BD53179FD3E}.LIB Release - DLL OpenSSL - DLL LibSSH2|Win32.Build.0 = Release|Win32
		{AB9E97EE-64E6-45B8-9592-3BD53179FD3E}.LIB Release - DLL OpenSSL - DLL LibSSH2|x64.ActiveCfg = Release|x64
		{AB9E97EE-64E6-45B8-9592-3BD53179FD3E}.LIB Release - DLL OpenSSL - DLL LibSSH2|x64.Build.0 = Release|x64
		{AB9E97EE-64E6-45B8-9592-3BD53179FD3E}.LIB Release - DLL OpenSSL - DLL LibSSH2|x86.ActiveCfg = Release|Win32
		{AB9E97EE-64E6-45B8-9592-3BD53179FD3E}.LIB Release - DLL OpenSSL - DLL LibSSH2|x86.Build.0 = Release|Win32
		{AB9E97EE-64E6-45B8-9592-3BD53179FD3E}.LIB Release - DLL OpenSSL|Win32.ActiveCfg = Release|Win32
		{AB9E97EE-64E6-45B8-9592-3BD53179FD3E}.LIB Release - DLL OpenSSL|Win32.Build.0 = Release|Win32
		{AB9E97EE-64E6-45B8-9592-3BD53179FD3E}.LIB Release - DLL OpenSSL|x64.ActiveCfg = Release|x64
		{AB9E97EE-64E6-45B8-9592-3BD53179FD3E}.LIB Release - DLL OpenSSL|x64.Build.0 = Release|x64
		{AB9E97EE-64E6-45B8-9592-3BD53179FD3E}.LIB Release - DLL OpenSSL|x86.ActiveCfg = Release|Win32
		{AB9E97EE-64E6-45B8-9592-3BD53179FD3E}.LIB Release - DLL OpenSSL|x86.Build.0 = Release|Win32
		{AB9E97EE-64E6-45B8-9592-3BD53179FD3E}.LIB Release - DLL Windows SSPI - DLL WinIDN|Win32.ActiveCfg = Release|Win32
		{AB9E97EE-64E6-45B8-9592-3BD53179FD3E}.LIB Release - DLL Windows SSPI - DLL WinIDN|Win32.Build.0 = Release|Win32
		{AB9E97EE-64E6-45B8-9592-3BD53179FD3E}.LIB Release - DLL Windows SSPI - DLL WinIDN|x64.ActiveCfg = Release|x64
		{AB9E97EE-64E6-45B8-9592-3BD53179FD3E}.LIB Release - DLL Windows SSPI - DLL WinIDN|x64.Build.0 = Release|x64
		{AB9E97EE-64E6-45B8-9592-3BD53179FD3E}.LIB Release - DLL Windows SSPI - DLL WinIDN|x86.ActiveCfg = Release|Win32
		{AB9E97EE-64E6-45B8-9592-3BD53179FD3E}.LIB Release - DLL Windows SSPI - DLL WinIDN|x86.Build.0 = Release|Win32
		{AB9E97EE-64E6-45B8-9592-3BD53179FD3E}.LIB Release - DLL Windows SSPI|Win32.ActiveCfg = Release|Win32
		{AB9E97EE-64E6-45B8-9592-3BD53179FD3E}.LIB Release - DLL Windows SSPI|Win32.Build.0 = Release|Win32
		{AB9E97EE-64E6-45B8-9592-3BD53179FD3E}.LIB Release - DLL Windows SSPI|x64.ActiveCfg = Release|x64
		{AB9E97EE-64E6-45B8-9592-3BD53179FD3E}.LIB Release - DLL Windows SSPI|x64.Build.0 = Release|x64
		{AB9E97EE-64E6-45B8-9592-3BD53179FD3E}.LIB Release - DLL Windows SSPI|x86.ActiveCfg = Release|Win32
		{AB9E97EE-64E6-45B8-9592-3BD53179FD3E}.LIB Release - DLL Windows SSPI|x86.Build.0 = Release|Win32
		{AB9E97EE-64E6-45B8-9592-3BD53179FD3E}.LIB Release - LIB OpenSSL - LIB LibSSH2|Win32.ActiveCfg = Release|Win32
		{AB9E97EE-64E6-45B8-9592-3BD53179FD3E}.LIB Release - LIB OpenSSL - LIB LibSSH2|Win32.Build.0 = Release|Win32
		{AB9E97EE-64E6-45B8-9592-3BD53179FD3E}.LIB Release - LIB OpenSSL - LIB LibSSH2|x64.ActiveCfg = Release|x64
		{AB9E97EE-64E6-45B8-9592-3BD53179FD3E}.LIB Release - LIB OpenSSL - LIB LibSSH2|x64.Build.0 = Release|x64
		{AB9E97EE-64E6-45B8-9592-3BD53179FD3E}.LIB Release - LIB OpenSSL - LIB LibSSH2|x86.ActiveCfg = Release|Win32
		{AB9E97EE-64E6-45B8-9592-3BD53179FD3E}.LIB Release - LIB OpenSSL - LIB LibSSH2|x86.Build.0 = Release|Win32
		{AB9E97EE-64E6-45B8-9592-3BD53179FD3E}.LIB Release - LIB OpenSSL|Win32.ActiveCfg = Release|Win32
		{AB9E97EE-64E6-45B8-9592-3BD53179FD3E}.LIB Release - LIB OpenSSL|Win32.Build.0 = Release|Win32
		{AB9E97EE-64E6-45B8-9592-3BD53179FD3E}.LIB Release - LIB OpenSSL|x64.ActiveCfg = Release|x64
		{AB9E97EE-64E6-45B8-9592-3BD53179FD3E}.LIB Release - LIB OpenSSL|x64.Build.0 = Release|x64
		{AB9E97EE-64E6-45B8-9592-3BD53179FD3E}.LIB Release - LIB OpenSSL|x86.ActiveCfg = Release|Win32
		{AB9E97EE-64E6-45B8-9592-3BD53179FD3E}.LIB Release - LIB OpenSSL|x86.Build.0 = Release|Win32
		{AB9E97EE-64E6-45B8-9592-3BD53179FD3E}.LIB Release - LIB wolfSSL|Win32.ActiveCfg = Release|Win32
		{AB9E97EE-64E6-45B8-9592-3BD53179FD3E}.LIB Release - LIB wolfSSL|Win32.Build.0 = Release|Win32
		{AB9E97EE-64E6-45B8-9592-3BD53179FD3E}.LIB Release - LIB wolfSSL|x64.ActiveCfg = Release|x64
		{AB9E97EE-64E6-45B8-9592-3BD53179FD3E}.LIB Release - LIB wolfSSL|x64.Build.0 = Release|x64
		{AB9E97EE-64E6-45B8-9592-3BD53179FD3E}.LIB Release - LIB wolfSSL|x86.ActiveCfg = Release|Win32
		{AB9E97EE-64E6-45B8-9592-3BD53179FD3E}.LIB Release - LIB wolfSSL|x86.Build.0 = Release|Win32
		{AB9E97EE-64E6-45B8-9592-3BD53179FD3E}.LIB Release|Win32.ActiveCfg = Release|Win32
		{AB9E97EE-64E6-45B8-9592-3BD53179FD3E}.LIB Release|Win32.Build.0 = Release|Win32
		{AB9E97EE-64E6-45B8-9592-3BD53179FD3E}.LIB Release|x64.ActiveCfg = Release|x64
		{AB9E97EE-64E6-45B8-9592-3BD53179FD3E}.LIB Release|x64.Build.0 = Release|x64
		{AB9E97EE-64E6-45B8-9592-3BD53179FD3E}.LIB Release|x86.ActiveCfg = Release|Win32
		{AB9E97EE-64E6-45B8-9592-3BD53179FD3E}.LIB Release|x86.Build.0 = Release|Win32
		{AB9E97EE-64E6-45B8-9592-3BD53179FD3E}.Release|Win32.ActiveCfg = Release|Win32
		{AB9E97EE-64E6-45B8-9592-3BD53179FD3E}.Release|Win32.Build.0 = Release|Win32
		{AB9E97EE-64E6-45B8-9592-3BD53179FD3E}.Release|x64.ActiveCfg = Release|x64
		{AB9E97EE-64E6-45B8-9592-3BD53179FD3E}.Release|x64.Build.0 = Release|x64
		{AB9E97EE-64E6-45B8-9592-3BD53179FD3E}.Release|x86.ActiveCfg = Release|Win32
		{AB9E97EE-64E6-45B8-9592-3BD53179FD3E}.Release|x86.Build.0 = Release|Win32
	EndGlobalSection
	GlobalSection(SolutionProperties) = preSolution
		HideSolutionNode = FALSE
	EndGlobalSection
	GlobalSection(ExtensibilityGlobals) = postSolution
		SolutionGuid = {24618CD7-AA6D-4FDD-A904-988F7232361A}
	EndGlobalSection
EndGlobal
